// !$*UTF8*$!
{
	archiveVersion = 1;
	classes = {
	};
	objectVersion = 50;
	objects = {

/* Begin PBXBuildFile section */
		625CB48D1D0C49F1BD0ABFAD /* Pods_ArquivoPT.framework in Frameworks */ = {isa = PBXBuildFile; fileRef = 5F2342127E6F9F7BC5960087 /* Pods_ArquivoPT.framework */; };
		88407B05225CBF4300EDBD2D /* FavoritesTableViewCell.swift in Sources */ = {isa = PBXBuildFile; fileRef = 88407B04225CBF4300EDBD2D /* FavoritesTableViewCell.swift */; };
		88724642224E5EAC00719437 /* siteCardBackground.png in Resources */ = {isa = PBXBuildFile; fileRef = 88724641224E5EAB00719437 /* siteCardBackground.png */; };
		889C21E5224C1414003C8D23 /* AppDelegate.swift in Sources */ = {isa = PBXBuildFile; fileRef = 889C21E4224C1414003C8D23 /* AppDelegate.swift */; };
		889C21E7224C1414003C8D23 /* ViewController.swift in Sources */ = {isa = PBXBuildFile; fileRef = 889C21E6224C1414003C8D23 /* ViewController.swift */; };
		889C21EA224C1414003C8D23 /* Main.storyboard in Resources */ = {isa = PBXBuildFile; fileRef = 889C21E8224C1414003C8D23 /* Main.storyboard */; };
		889C21EC224C1416003C8D23 /* Assets.xcassets in Resources */ = {isa = PBXBuildFile; fileRef = 889C21EB224C1416003C8D23 /* Assets.xcassets */; };
		889C21EF224C1416003C8D23 /* LaunchScreen.storyboard in Resources */ = {isa = PBXBuildFile; fileRef = 889C21ED224C1416003C8D23 /* LaunchScreen.storyboard */; };
		889C21F7224C16D5003C8D23 /* CustomTableViewCell.swift in Sources */ = {isa = PBXBuildFile; fileRef = 889C21F6224C16D5003C8D23 /* CustomTableViewCell.swift */; };
		889C21F9224C1C95003C8D23 /* CustomCollectionViewCell.swift in Sources */ = {isa = PBXBuildFile; fileRef = 889C21F8224C1C95003C8D23 /* CustomCollectionViewCell.swift */; };
		889C21FB224C1F11003C8D23 /* Category.swift in Sources */ = {isa = PBXBuildFile; fileRef = 889C21FA224C1F11003C8D23 /* Category.swift */; };
		889C21FD224C1F82003C8D23 /* ModelSite.swift in Sources */ = {isa = PBXBuildFile; fileRef = 889C21FC224C1F82003C8D23 /* ModelSite.swift */; };
		8C0A0AA1224F003B00DD4C5C /* TimeMachineViewController.storyboard in Resources */ = {isa = PBXBuildFile; fileRef = 8C0A0AA0224F003B00DD4C5C /* TimeMachineViewController.storyboard */; };
		8C0A0AA3224F005100DD4C5C /* TimeMachineViewController.swift in Sources */ = {isa = PBXBuildFile; fileRef = 8C0A0AA2224F005100DD4C5C /* TimeMachineViewController.swift */; };
		8C0A0AA6224FAAEA00DD4C5C /* SiteFunctions.swift in Sources */ = {isa = PBXBuildFile; fileRef = 8C0A0AA5224FAAEA00DD4C5C /* SiteFunctions.swift */; };
		8C0A0AA8224FAC9A00DD4C5C /* GlobalData.swift in Sources */ = {isa = PBXBuildFile; fileRef = 8C0A0AA7224FAC9A00DD4C5C /* GlobalData.swift */; };
		8C0A0AAB224FB1BA00DD4C5C /* FavoritesViewController.storyboard in Resources */ = {isa = PBXBuildFile; fileRef = 8C0A0AAA224FB1BA00DD4C5C /* FavoritesViewController.storyboard */; };
		8C0A0AAF224FB21800DD4C5C /* FavoritesViewController.swift in Sources */ = {isa = PBXBuildFile; fileRef = 8C0A0AAE224FB21800DD4C5C /* FavoritesViewController.swift */; };
		8C0A0AB2224FB27C00DD4C5C /* SettingsViewController.storyboard in Resources */ = {isa = PBXBuildFile; fileRef = 8C0A0AB1224FB27C00DD4C5C /* SettingsViewController.storyboard */; };
		8C0A0AB4224FB29900DD4C5C /* SettingsViewController.swift in Sources */ = {isa = PBXBuildFile; fileRef = 8C0A0AB3224FB29900DD4C5C /* SettingsViewController.swift */; };
		8C14C3812259682800BFF12B /* Structure.swift in Sources */ = {isa = PBXBuildFile; fileRef = 8C14C3802259682800BFF12B /* Structure.swift */; };
		8C21C562225934FF0012DD40 /* ThemeFunctions.swift in Sources */ = {isa = PBXBuildFile; fileRef = 8C21C561225934FF0012DD40 /* ThemeFunctions.swift */; };
		8C5F4CC5226A9C6900008295 /* WebKit.framework in Frameworks */ = {isa = PBXBuildFile; fileRef = 8C5F4CC4226A9C6900008295 /* WebKit.framework */; };
		8C859C5A226E550F00429BFC /* GlobalKeys.swift in Sources */ = {isa = PBXBuildFile; fileRef = 8C859C59226E550F00429BFC /* GlobalKeys.swift */; };
		8CDBF338224FC291001EF727 /* UIViewExtensions.swift in Sources */ = {isa = PBXBuildFile; fileRef = 8CDBF337224FC291001EF727 /* UIViewExtensions.swift */; };
		8CDBF33B22502305001EF727 /* Theme.swift in Sources */ = {isa = PBXBuildFile; fileRef = 8CDBF33A22502305001EF727 /* Theme.swift */; };
		8CDBF33D225023E9001EF727 /* Colors.xcassets in Resources */ = {isa = PBXBuildFile; fileRef = 8CDBF33C225023E9001EF727 /* Colors.xcassets */; };
		8CDBF34022512AB3001EF727 /* Links.xcassets in Resources */ = {isa = PBXBuildFile; fileRef = 8CDBF33F22512AB3001EF727 /* Links.xcassets */; };
		8CDBF34A2252D327001EF727 /* ThemeProtocol.swift in Sources */ = {isa = PBXBuildFile; fileRef = 8CDBF3492252D327001EF727 /* ThemeProtocol.swift */; };
		8CDBF34C2252D467001EF727 /* LightTheme.swift in Sources */ = {isa = PBXBuildFile; fileRef = 8CDBF34B2252D467001EF727 /* LightTheme.swift */; };
		8CDBF34E2252D75C001EF727 /* DarkTheme.swift in Sources */ = {isa = PBXBuildFile; fileRef = 8CDBF34D2252D75C001EF727 /* DarkTheme.swift */; };
		8CDBF35122530858001EF727 /* WebViewController.storyboard in Resources */ = {isa = PBXBuildFile; fileRef = 8CDBF35022530858001EF727 /* WebViewController.storyboard */; };
		8CDBF3532253086A001EF727 /* WebViewController.swift in Sources */ = {isa = PBXBuildFile; fileRef = 8CDBF3522253086A001EF727 /* WebViewController.swift */; };
		8CF00A9A225EA84C00034408 /* SettingsParams.swift in Sources */ = {isa = PBXBuildFile; fileRef = 8CF00A99225EA84C00034408 /* SettingsParams.swift */; };
		8CF00AA022625BA800034408 /* PopupViewController.swift in Sources */ = {isa = PBXBuildFile; fileRef = 8CF00A9F22625BA800034408 /* PopupViewController.swift */; };
		8CF00AA22264290700034408 /* NotificationNameExtension.swift in Sources */ = {isa = PBXBuildFile; fileRef = 8CF00AA12264290700034408 /* NotificationNameExtension.swift */; };
/* End PBXBuildFile section */

/* Begin PBXFileReference section */
		5F2342127E6F9F7BC5960087 /* Pods_ArquivoPT.framework */ = {isa = PBXFileReference; explicitFileType = wrapper.framework; includeInIndex = 0; path = Pods_ArquivoPT.framework; sourceTree = BUILT_PRODUCTS_DIR; };
		66D739D4E01C5E41AB2532D6 /* Pods-ArquivoPT.release.xcconfig */ = {isa = PBXFileReference; includeInIndex = 1; lastKnownFileType = text.xcconfig; name = "Pods-ArquivoPT.release.xcconfig"; path = "Pods/Target Support Files/Pods-ArquivoPT/Pods-ArquivoPT.release.xcconfig"; sourceTree = "<group>"; };
		88407B04225CBF4300EDBD2D /* FavoritesTableViewCell.swift */ = {isa = PBXFileReference; lastKnownFileType = sourcecode.swift; path = FavoritesTableViewCell.swift; sourceTree = "<group>"; };
		88724641224E5EAB00719437 /* siteCardBackground.png */ = {isa = PBXFileReference; lastKnownFileType = image.png; path = siteCardBackground.png; sourceTree = SOURCE_ROOT; };
		889C21E1224C1414003C8D23 /* ArquivoPT.app */ = {isa = PBXFileReference; explicitFileType = wrapper.application; includeInIndex = 0; path = ArquivoPT.app; sourceTree = BUILT_PRODUCTS_DIR; };
		889C21E4224C1414003C8D23 /* AppDelegate.swift */ = {isa = PBXFileReference; lastKnownFileType = sourcecode.swift; path = AppDelegate.swift; sourceTree = "<group>"; };
		889C21E6224C1414003C8D23 /* ViewController.swift */ = {isa = PBXFileReference; lastKnownFileType = sourcecode.swift; path = ViewController.swift; sourceTree = "<group>"; };
		889C21E9224C1414003C8D23 /* Base */ = {isa = PBXFileReference; lastKnownFileType = file.storyboard; name = Base; path = Base.lproj/Main.storyboard; sourceTree = "<group>"; };
		889C21EB224C1416003C8D23 /* Assets.xcassets */ = {isa = PBXFileReference; lastKnownFileType = folder.assetcatalog; path = Assets.xcassets; sourceTree = "<group>"; };
		889C21EE224C1416003C8D23 /* Base */ = {isa = PBXFileReference; lastKnownFileType = file.storyboard; name = Base; path = Base.lproj/LaunchScreen.storyboard; sourceTree = "<group>"; };
		889C21F0224C1416003C8D23 /* Info.plist */ = {isa = PBXFileReference; lastKnownFileType = text.plist.xml; path = Info.plist; sourceTree = "<group>"; };
		889C21F6224C16D5003C8D23 /* CustomTableViewCell.swift */ = {isa = PBXFileReference; lastKnownFileType = sourcecode.swift; path = CustomTableViewCell.swift; sourceTree = "<group>"; };
		889C21F8224C1C95003C8D23 /* CustomCollectionViewCell.swift */ = {isa = PBXFileReference; lastKnownFileType = sourcecode.swift; path = CustomCollectionViewCell.swift; sourceTree = "<group>"; };
		889C21FA224C1F11003C8D23 /* Category.swift */ = {isa = PBXFileReference; lastKnownFileType = sourcecode.swift; path = Category.swift; sourceTree = "<group>"; };
		889C21FC224C1F82003C8D23 /* ModelSite.swift */ = {isa = PBXFileReference; lastKnownFileType = sourcecode.swift; path = ModelSite.swift; sourceTree = "<group>"; };
		8C0A0AA0224F003B00DD4C5C /* TimeMachineViewController.storyboard */ = {isa = PBXFileReference; lastKnownFileType = file.storyboard; path = TimeMachineViewController.storyboard; sourceTree = "<group>"; };
		8C0A0AA2224F005100DD4C5C /* TimeMachineViewController.swift */ = {isa = PBXFileReference; lastKnownFileType = sourcecode.swift; path = TimeMachineViewController.swift; sourceTree = "<group>"; };
		8C0A0AA5224FAAEA00DD4C5C /* SiteFunctions.swift */ = {isa = PBXFileReference; lastKnownFileType = sourcecode.swift; path = SiteFunctions.swift; sourceTree = "<group>"; };
		8C0A0AA7224FAC9A00DD4C5C /* GlobalData.swift */ = {isa = PBXFileReference; lastKnownFileType = sourcecode.swift; path = GlobalData.swift; sourceTree = "<group>"; };
		8C0A0AAA224FB1BA00DD4C5C /* FavoritesViewController.storyboard */ = {isa = PBXFileReference; lastKnownFileType = file.storyboard; path = FavoritesViewController.storyboard; sourceTree = "<group>"; };
		8C0A0AAE224FB21800DD4C5C /* FavoritesViewController.swift */ = {isa = PBXFileReference; lastKnownFileType = sourcecode.swift; path = FavoritesViewController.swift; sourceTree = "<group>"; };
		8C0A0AB1224FB27C00DD4C5C /* SettingsViewController.storyboard */ = {isa = PBXFileReference; lastKnownFileType = file.storyboard; path = SettingsViewController.storyboard; sourceTree = "<group>"; };
		8C0A0AB3224FB29900DD4C5C /* SettingsViewController.swift */ = {isa = PBXFileReference; lastKnownFileType = sourcecode.swift; path = SettingsViewController.swift; sourceTree = "<group>"; };
		8C14C3802259682800BFF12B /* Structure.swift */ = {isa = PBXFileReference; lastKnownFileType = sourcecode.swift; path = Structure.swift; sourceTree = "<group>"; };
		8C21C561225934FF0012DD40 /* ThemeFunctions.swift */ = {isa = PBXFileReference; lastKnownFileType = sourcecode.swift; path = ThemeFunctions.swift; sourceTree = "<group>"; };
		8C5F4CC4226A9C6900008295 /* WebKit.framework */ = {isa = PBXFileReference; lastKnownFileType = wrapper.framework; name = WebKit.framework; path = System/Library/Frameworks/WebKit.framework; sourceTree = SDKROOT; };
		8C859C59226E550F00429BFC /* GlobalKeys.swift */ = {isa = PBXFileReference; lastKnownFileType = sourcecode.swift; path = GlobalKeys.swift; sourceTree = "<group>"; };
		8CDBF337224FC291001EF727 /* UIViewExtensions.swift */ = {isa = PBXFileReference; lastKnownFileType = sourcecode.swift; path = UIViewExtensions.swift; sourceTree = "<group>"; };
		8CDBF33A22502305001EF727 /* Theme.swift */ = {isa = PBXFileReference; lastKnownFileType = sourcecode.swift; path = Theme.swift; sourceTree = "<group>"; };
		8CDBF33C225023E9001EF727 /* Colors.xcassets */ = {isa = PBXFileReference; lastKnownFileType = folder.assetcatalog; path = Colors.xcassets; sourceTree = "<group>"; };
		8CDBF33F22512AB3001EF727 /* Links.xcassets */ = {isa = PBXFileReference; lastKnownFileType = folder.assetcatalog; path = Links.xcassets; sourceTree = "<group>"; };
		8CDBF3492252D327001EF727 /* ThemeProtocol.swift */ = {isa = PBXFileReference; lastKnownFileType = sourcecode.swift; path = ThemeProtocol.swift; sourceTree = "<group>"; };
		8CDBF34B2252D467001EF727 /* LightTheme.swift */ = {isa = PBXFileReference; lastKnownFileType = sourcecode.swift; path = LightTheme.swift; sourceTree = "<group>"; };
		8CDBF34D2252D75C001EF727 /* DarkTheme.swift */ = {isa = PBXFileReference; lastKnownFileType = sourcecode.swift; path = DarkTheme.swift; sourceTree = "<group>"; };
		8CDBF35022530858001EF727 /* WebViewController.storyboard */ = {isa = PBXFileReference; lastKnownFileType = file.storyboard; path = WebViewController.storyboard; sourceTree = "<group>"; };
		8CDBF3522253086A001EF727 /* WebViewController.swift */ = {isa = PBXFileReference; lastKnownFileType = sourcecode.swift; path = WebViewController.swift; sourceTree = "<group>"; };
		8CF00A99225EA84C00034408 /* SettingsParams.swift */ = {isa = PBXFileReference; lastKnownFileType = sourcecode.swift; path = SettingsParams.swift; sourceTree = "<group>"; };
		8CF00A9F22625BA800034408 /* PopupViewController.swift */ = {isa = PBXFileReference; lastKnownFileType = sourcecode.swift; path = PopupViewController.swift; sourceTree = "<group>"; };
		8CF00AA12264290700034408 /* NotificationNameExtension.swift */ = {isa = PBXFileReference; lastKnownFileType = sourcecode.swift; path = NotificationNameExtension.swift; sourceTree = "<group>"; };
		F786A2B5AEDD18A6C418F9B1 /* Pods-ArquivoPT.debug.xcconfig */ = {isa = PBXFileReference; includeInIndex = 1; lastKnownFileType = text.xcconfig; name = "Pods-ArquivoPT.debug.xcconfig"; path = "Pods/Target Support Files/Pods-ArquivoPT/Pods-ArquivoPT.debug.xcconfig"; sourceTree = "<group>"; };
/* End PBXFileReference section */

/* Begin PBXFrameworksBuildPhase section */
		889C21DE224C1414003C8D23 /* Frameworks */ = {
			isa = PBXFrameworksBuildPhase;
			buildActionMask = 2147483647;
			files = (
				8C5F4CC5226A9C6900008295 /* WebKit.framework in Frameworks */,
				625CB48D1D0C49F1BD0ABFAD /* Pods_ArquivoPT.framework in Frameworks */,
			);
			runOnlyForDeploymentPostprocessing = 0;
		};
/* End PBXFrameworksBuildPhase section */

/* Begin PBXGroup section */
		19FBAC88FDBB4D8422D15323 /* Pods */ = {
			isa = PBXGroup;
			children = (
				F786A2B5AEDD18A6C418F9B1 /* Pods-ArquivoPT.debug.xcconfig */,
				66D739D4E01C5E41AB2532D6 /* Pods-ArquivoPT.release.xcconfig */,
			);
			name = Pods;
			sourceTree = "<group>";
		};
		889C21D8224C1414003C8D23 = {
			isa = PBXGroup;
			children = (
				889C21E3224C1414003C8D23 /* ArquivoPT */,
				889C21E2224C1414003C8D23 /* Products */,
				19FBAC88FDBB4D8422D15323 /* Pods */,
				BD0FA77AE52733FF498638BF /* Frameworks */,
			);
			sourceTree = "<group>";
		};
		889C21E2224C1414003C8D23 /* Products */ = {
			isa = PBXGroup;
			children = (
				889C21E1224C1414003C8D23 /* ArquivoPT.app */,
			);
			name = Products;
			sourceTree = "<group>";
		};
		889C21E3224C1414003C8D23 /* ArquivoPT */ = {
			isa = PBXGroup;
			children = (
				8C859C58226E54EA00429BFC /* GlobalKeys */,
				8CF00A98225EA82700034408 /* SettingsParamsGlobal */,
				8CDBF3392250205D001EF727 /* Resources */,
				8CDBF336224FC138001EF727 /* Extensions */,
				8C0A0A9E224EFB8400DD4C5C /* Model */,
				8C0A0A9C224EFB1500DD4C5C /* Views */,
				889C21E4224C1414003C8D23 /* AppDelegate.swift */,
				889C21EB224C1416003C8D23 /* Assets.xcassets */,
				88724641224E5EAB00719437 /* siteCardBackground.png */,
				889C21ED224C1416003C8D23 /* LaunchScreen.storyboard */,
				889C21F0224C1416003C8D23 /* Info.plist */,
			);
			path = ArquivoPT;
			sourceTree = "<group>";
		};
		8C0A0A9C224EFB1500DD4C5C /* Views */ = {
			isa = PBXGroup;
			children = (
				8C0A0A9D224EFB2700DD4C5C /* MainViewController */,
				8C0A0A9F224F000300DD4C5C /* TimeMachineViewController */,
				8C0A0AA9224FB19500DD4C5C /* FavoritesViewController */,
				8CDBF34F22530830001EF727 /* WebViewController */,
				8C0A0AB0224FB25900DD4C5C /* SettingsViewController */,
			);
			path = Views;
			sourceTree = "<group>";
		};
		8C0A0A9D224EFB2700DD4C5C /* MainViewController */ = {
			isa = PBXGroup;
			children = (
				889C21E6224C1414003C8D23 /* ViewController.swift */,
				889C21E8224C1414003C8D23 /* Main.storyboard */,
				889C21F6224C16D5003C8D23 /* CustomTableViewCell.swift */,
				889C21F8224C1C95003C8D23 /* CustomCollectionViewCell.swift */,
			);
			path = MainViewController;
			sourceTree = "<group>";
		};
		8C0A0A9E224EFB8400DD4C5C /* Model */ = {
			isa = PBXGroup;
			children = (
				8C0A0AA7224FAC9A00DD4C5C /* GlobalData.swift */,
				889C21FA224C1F11003C8D23 /* Category.swift */,
				8C0A0AA4224FAA3F00DD4C5C /* WebSites */,
			);
			path = Model;
			sourceTree = "<group>";
		};
		8C0A0A9F224F000300DD4C5C /* TimeMachineViewController */ = {
			isa = PBXGroup;
			children = (
				8C0A0AA0224F003B00DD4C5C /* TimeMachineViewController.storyboard */,
				8C0A0AA2224F005100DD4C5C /* TimeMachineViewController.swift */,
				8CF00A9F22625BA800034408 /* PopupViewController.swift */,
				8CF00AA12264290700034408 /* NotificationNameExtension.swift */,
			);
			path = TimeMachineViewController;
			sourceTree = "<group>";
		};
		8C0A0AA4224FAA3F00DD4C5C /* WebSites */ = {
			isa = PBXGroup;
			children = (
				8C14C3802259682800BFF12B /* Structure.swift */,
				889C21FC224C1F82003C8D23 /* ModelSite.swift */,
				8C0A0AA5224FAAEA00DD4C5C /* SiteFunctions.swift */,
				8CDBF33E22512A79001EF727 /* ResourceData */,
			);
			path = WebSites;
			sourceTree = "<group>";
		};
		8C0A0AA9224FB19500DD4C5C /* FavoritesViewController */ = {
			isa = PBXGroup;
			children = (
				8C0A0AAA224FB1BA00DD4C5C /* FavoritesViewController.storyboard */,
				8C0A0AAE224FB21800DD4C5C /* FavoritesViewController.swift */,
				88407B04225CBF4300EDBD2D /* FavoritesTableViewCell.swift */,
			);
			path = FavoritesViewController;
			sourceTree = "<group>";
		};
		8C0A0AB0224FB25900DD4C5C /* SettingsViewController */ = {
			isa = PBXGroup;
			children = (
				8C0A0AB1224FB27C00DD4C5C /* SettingsViewController.storyboard */,
				8C0A0AB3224FB29900DD4C5C /* SettingsViewController.swift */,
			);
			path = SettingsViewController;
			sourceTree = "<group>";
		};
		8C859C58226E54EA00429BFC /* GlobalKeys */ = {
			isa = PBXGroup;
			children = (
				8C859C59226E550F00429BFC /* GlobalKeys.swift */,
			);
			path = GlobalKeys;
			sourceTree = "<group>";
		};
		8CDBF336224FC138001EF727 /* Extensions */ = {
			isa = PBXGroup;
			children = (
				8CDBF337224FC291001EF727 /* UIViewExtensions.swift */,
			);
			path = Extensions;
			sourceTree = "<group>";
		};
		8CDBF3392250205D001EF727 /* Resources */ = {
			isa = PBXGroup;
			children = (
				8CDBF3482252D30B001EF727 /* Theme */,
				8CDBF33C225023E9001EF727 /* Colors.xcassets */,
			);
			path = Resources;
			sourceTree = "<group>";
		};
		8CDBF33E22512A79001EF727 /* ResourceData */ = {
			isa = PBXGroup;
			children = (
				8CDBF33F22512AB3001EF727 /* Links.xcassets */,
			);
			path = ResourceData;
			sourceTree = "<group>";
		};
		8CDBF3482252D30B001EF727 /* Theme */ = {
			isa = PBXGroup;
			children = (
				8CDBF33A22502305001EF727 /* Theme.swift */,
				8CDBF3492252D327001EF727 /* ThemeProtocol.swift */,
				8CDBF34B2252D467001EF727 /* LightTheme.swift */,
				8CDBF34D2252D75C001EF727 /* DarkTheme.swift */,
				8C21C561225934FF0012DD40 /* ThemeFunctions.swift */,
			);
			path = Theme;
			sourceTree = "<group>";
		};
		8CDBF34F22530830001EF727 /* WebViewController */ = {
			isa = PBXGroup;
			children = (
				8CDBF35022530858001EF727 /* WebViewController.storyboard */,
				8CDBF3522253086A001EF727 /* WebViewController.swift */,
			);
			path = WebViewController;
			sourceTree = "<group>";
		};
		8CF00A98225EA82700034408 /* SettingsParamsGlobal */ = {
			isa = PBXGroup;
			children = (
				8CF00A99225EA84C00034408 /* SettingsParams.swift */,
			);
			path = SettingsParamsGlobal;
			sourceTree = "<group>";
		};
		BD0FA77AE52733FF498638BF /* Frameworks */ = {
			isa = PBXGroup;
			children = (
				8C5F4CC4226A9C6900008295 /* WebKit.framework */,
				5F2342127E6F9F7BC5960087 /* Pods_ArquivoPT.framework */,
			);
			name = Frameworks;
			sourceTree = "<group>";
		};
/* End PBXGroup section */

/* Begin PBXNativeTarget section */
		889C21E0224C1414003C8D23 /* ArquivoPT */ = {
			isa = PBXNativeTarget;
			buildConfigurationList = 889C21F3224C1416003C8D23 /* Build configuration list for PBXNativeTarget "ArquivoPT" */;
			buildPhases = (
				3C3B0E3877B3D87BBDF315A9 /* [CP] Check Pods Manifest.lock */,
				889C21DD224C1414003C8D23 /* Sources */,
				889C21DE224C1414003C8D23 /* Frameworks */,
				889C21DF224C1414003C8D23 /* Resources */,
				1E0AC28BC46870C8BB9137B0 /* [CP] Embed Pods Frameworks */,
			);
			buildRules = (
			);
			dependencies = (
			);
			name = ArquivoPT;
			productName = ArquivoPT;
			productReference = 889C21E1224C1414003C8D23 /* ArquivoPT.app */;
			productType = "com.apple.product-type.application";
		};
/* End PBXNativeTarget section */

/* Begin PBXProject section */
		889C21D9224C1414003C8D23 /* Project object */ = {
			isa = PBXProject;
			attributes = {
				LastSwiftUpdateCheck = 1020;
				LastUpgradeCheck = 1020;
				ORGANIZATIONNAME = "Renato Silva";
				TargetAttributes = {
					889C21E0224C1414003C8D23 = {
						CreatedOnToolsVersion = 10.2;
					};
				};
			};
			buildConfigurationList = 889C21DC224C1414003C8D23 /* Build configuration list for PBXProject "ArquivoPT" */;
			compatibilityVersion = "Xcode 9.3";
			developmentRegion = en;
			hasScannedForEncodings = 0;
			knownRegions = (
				en,
				Base,
			);
			mainGroup = 889C21D8224C1414003C8D23;
			productRefGroup = 889C21E2224C1414003C8D23 /* Products */;
			projectDirPath = "";
			projectRoot = "";
			targets = (
				889C21E0224C1414003C8D23 /* ArquivoPT */,
			);
		};
/* End PBXProject section */

/* Begin PBXResourcesBuildPhase section */
		889C21DF224C1414003C8D23 /* Resources */ = {
			isa = PBXResourcesBuildPhase;
			buildActionMask = 2147483647;
			files = (
				8CDBF33D225023E9001EF727 /* Colors.xcassets in Resources */,
				8C0A0AB2224FB27C00DD4C5C /* SettingsViewController.storyboard in Resources */,
				8CDBF35122530858001EF727 /* WebViewController.storyboard in Resources */,
				8C0A0AAB224FB1BA00DD4C5C /* FavoritesViewController.storyboard in Resources */,
				889C21EF224C1416003C8D23 /* LaunchScreen.storyboard in Resources */,
				8C0A0AA1224F003B00DD4C5C /* TimeMachineViewController.storyboard in Resources */,
				889C21EC224C1416003C8D23 /* Assets.xcassets in Resources */,
				88724642224E5EAC00719437 /* siteCardBackground.png in Resources */,
				889C21EA224C1414003C8D23 /* Main.storyboard in Resources */,
				8CDBF34022512AB3001EF727 /* Links.xcassets in Resources */,
			);
			runOnlyForDeploymentPostprocessing = 0;
		};
/* End PBXResourcesBuildPhase section */

/* Begin PBXShellScriptBuildPhase section */
		1E0AC28BC46870C8BB9137B0 /* [CP] Embed Pods Frameworks */ = {
			isa = PBXShellScriptBuildPhase;
			buildActionMask = 2147483647;
			files = (
			);
			inputFileListPaths = (
			);
			inputPaths = (
				"${SRCROOT}/Pods/Target Support Files/Pods-ArquivoPT/Pods-ArquivoPT-frameworks.sh",
				"${BUILT_PRODUCTS_DIR}/iCarousel/iCarousel.framework",
			);
			name = "[CP] Embed Pods Frameworks";
			outputFileListPaths = (
			);
			outputPaths = (
				"${TARGET_BUILD_DIR}/${FRAMEWORKS_FOLDER_PATH}/iCarousel.framework",
			);
			runOnlyForDeploymentPostprocessing = 0;
			shellPath = /bin/sh;
			shellScript = "\"${SRCROOT}/Pods/Target Support Files/Pods-ArquivoPT/Pods-ArquivoPT-frameworks.sh\"\n";
			showEnvVarsInLog = 0;
		};
		3C3B0E3877B3D87BBDF315A9 /* [CP] Check Pods Manifest.lock */ = {
			isa = PBXShellScriptBuildPhase;
			buildActionMask = 2147483647;
			files = (
			);
			inputFileListPaths = (
			);
			inputPaths = (
				"${PODS_PODFILE_DIR_PATH}/Podfile.lock",
				"${PODS_ROOT}/Manifest.lock",
			);
			name = "[CP] Check Pods Manifest.lock";
			outputFileListPaths = (
			);
			outputPaths = (
				"$(DERIVED_FILE_DIR)/Pods-ArquivoPT-checkManifestLockResult.txt",
			);
			runOnlyForDeploymentPostprocessing = 0;
			shellPath = /bin/sh;
			shellScript = "diff \"${PODS_PODFILE_DIR_PATH}/Podfile.lock\" \"${PODS_ROOT}/Manifest.lock\" > /dev/null\nif [ $? != 0 ] ; then\n    # print error to STDERR\n    echo \"error: The sandbox is not in sync with the Podfile.lock. Run 'pod install' or update your CocoaPods installation.\" >&2\n    exit 1\nfi\n# This output is used by Xcode 'outputs' to avoid re-running this script phase.\necho \"SUCCESS\" > \"${SCRIPT_OUTPUT_FILE_0}\"\n";
			showEnvVarsInLog = 0;
		};
/* End PBXShellScriptBuildPhase section */

/* Begin PBXSourcesBuildPhase section */
		889C21DD224C1414003C8D23 /* Sources */ = {
			isa = PBXSourcesBuildPhase;
			buildActionMask = 2147483647;
			files = (
				8CDBF34A2252D327001EF727 /* ThemeProtocol.swift in Sources */,
				8C21C562225934FF0012DD40 /* ThemeFunctions.swift in Sources */,
				8CDBF3532253086A001EF727 /* WebViewController.swift in Sources */,
				889C21F7224C16D5003C8D23 /* CustomTableViewCell.swift in Sources */,
				8CDBF34E2252D75C001EF727 /* DarkTheme.swift in Sources */,
				88407B05225CBF4300EDBD2D /* FavoritesTableViewCell.swift in Sources */,
				889C21FB224C1F11003C8D23 /* Category.swift in Sources */,
				8C0A0AB4224FB29900DD4C5C /* SettingsViewController.swift in Sources */,
				8C859C5A226E550F00429BFC /* GlobalKeys.swift in Sources */,
				8C0A0AA3224F005100DD4C5C /* TimeMachineViewController.swift in Sources */,
				8CF00AA22264290700034408 /* NotificationNameExtension.swift in Sources */,
				8CDBF34C2252D467001EF727 /* LightTheme.swift in Sources */,
				8CDBF33B22502305001EF727 /* Theme.swift in Sources */,
				8CF00AA022625BA800034408 /* PopupViewController.swift in Sources */,
				889C21E7224C1414003C8D23 /* ViewController.swift in Sources */,
				8C0A0AA6224FAAEA00DD4C5C /* SiteFunctions.swift in Sources */,
				8C14C3812259682800BFF12B /* Structure.swift in Sources */,
				889C21E5224C1414003C8D23 /* AppDelegate.swift in Sources */,
				889C21FD224C1F82003C8D23 /* ModelSite.swift in Sources */,
				8CF00A9A225EA84C00034408 /* SettingsParams.swift in Sources */,
				8C0A0AA8224FAC9A00DD4C5C /* GlobalData.swift in Sources */,
				8C0A0AAF224FB21800DD4C5C /* FavoritesViewController.swift in Sources */,
				8CDBF338224FC291001EF727 /* UIViewExtensions.swift in Sources */,
				889C21F9224C1C95003C8D23 /* CustomCollectionViewCell.swift in Sources */,
			);
			runOnlyForDeploymentPostprocessing = 0;
		};
/* End PBXSourcesBuildPhase section */

/* Begin PBXVariantGroup section */
		889C21E8224C1414003C8D23 /* Main.storyboard */ = {
			isa = PBXVariantGroup;
			children = (
				889C21E9224C1414003C8D23 /* Base */,
			);
			name = Main.storyboard;
			sourceTree = "<group>";
		};
		889C21ED224C1416003C8D23 /* LaunchScreen.storyboard */ = {
			isa = PBXVariantGroup;
			children = (
				889C21EE224C1416003C8D23 /* Base */,
			);
			name = LaunchScreen.storyboard;
			sourceTree = "<group>";
		};
/* End PBXVariantGroup section */

/* Begin XCBuildConfiguration section */
		889C21F1224C1416003C8D23 /* Debug */ = {
			isa = XCBuildConfiguration;
			buildSettings = {
				ALWAYS_SEARCH_USER_PATHS = NO;
				CLANG_ANALYZER_NONNULL = YES;
				CLANG_ANALYZER_NUMBER_OBJECT_CONVERSION = YES_AGGRESSIVE;
				CLANG_CXX_LANGUAGE_STANDARD = "gnu++14";
				CLANG_CXX_LIBRARY = "libc++";
				CLANG_ENABLE_MODULES = YES;
				CLANG_ENABLE_OBJC_ARC = YES;
				CLANG_ENABLE_OBJC_WEAK = YES;
				CLANG_WARN_BLOCK_CAPTURE_AUTORELEASING = YES;
				CLANG_WARN_BOOL_CONVERSION = YES;
				CLANG_WARN_COMMA = YES;
				CLANG_WARN_CONSTANT_CONVERSION = YES;
				CLANG_WARN_DEPRECATED_OBJC_IMPLEMENTATIONS = YES;
				CLANG_WARN_DIRECT_OBJC_ISA_USAGE = YES_ERROR;
				CLANG_WARN_DOCUMENTATION_COMMENTS = YES;
				CLANG_WARN_EMPTY_BODY = YES;
				CLANG_WARN_ENUM_CONVERSION = YES;
				CLANG_WARN_INFINITE_RECURSION = YES;
				CLANG_WARN_INT_CONVERSION = YES;
				CLANG_WARN_NON_LITERAL_NULL_CONVERSION = YES;
				CLANG_WARN_OBJC_IMPLICIT_RETAIN_SELF = YES;
				CLANG_WARN_OBJC_LITERAL_CONVERSION = YES;
				CLANG_WARN_OBJC_ROOT_CLASS = YES_ERROR;
				CLANG_WARN_RANGE_LOOP_ANALYSIS = YES;
				CLANG_WARN_STRICT_PROTOTYPES = YES;
				CLANG_WARN_SUSPICIOUS_MOVE = YES;
				CLANG_WARN_UNGUARDED_AVAILABILITY = YES_AGGRESSIVE;
				CLANG_WARN_UNREACHABLE_CODE = YES;
				CLANG_WARN__DUPLICATE_METHOD_MATCH = YES;
				CODE_SIGN_IDENTITY = "iPhone Developer";
				COPY_PHASE_STRIP = NO;
				DEBUG_INFORMATION_FORMAT = dwarf;
				ENABLE_STRICT_OBJC_MSGSEND = YES;
				ENABLE_TESTABILITY = YES;
				GCC_C_LANGUAGE_STANDARD = gnu11;
				GCC_DYNAMIC_NO_PIC = NO;
				GCC_NO_COMMON_BLOCKS = YES;
				GCC_OPTIMIZATION_LEVEL = 0;
				GCC_PREPROCESSOR_DEFINITIONS = (
					"DEBUG=1",
					"$(inherited)",
				);
				GCC_WARN_64_TO_32_BIT_CONVERSION = YES;
				GCC_WARN_ABOUT_RETURN_TYPE = YES_ERROR;
				GCC_WARN_UNDECLARED_SELECTOR = YES;
				GCC_WARN_UNINITIALIZED_AUTOS = YES_AGGRESSIVE;
				GCC_WARN_UNUSED_FUNCTION = YES;
				GCC_WARN_UNUSED_VARIABLE = YES;
				IPHONEOS_DEPLOYMENT_TARGET = 12.2;
				MTL_ENABLE_DEBUG_INFO = INCLUDE_SOURCE;
				MTL_FAST_MATH = YES;
				ONLY_ACTIVE_ARCH = YES;
				SDKROOT = iphoneos;
				SWIFT_ACTIVE_COMPILATION_CONDITIONS = DEBUG;
				SWIFT_OPTIMIZATION_LEVEL = "-Onone";
			};
			name = Debug;
		};
		889C21F2224C1416003C8D23 /* Release */ = {
			isa = XCBuildConfiguration;
			buildSettings = {
				ALWAYS_SEARCH_USER_PATHS = NO;
				CLANG_ANALYZER_NONNULL = YES;
				CLANG_ANALYZER_NUMBER_OBJECT_CONVERSION = YES_AGGRESSIVE;
				CLANG_CXX_LANGUAGE_STANDARD = "gnu++14";
				CLANG_CXX_LIBRARY = "libc++";
				CLANG_ENABLE_MODULES = YES;
				CLANG_ENABLE_OBJC_ARC = YES;
				CLANG_ENABLE_OBJC_WEAK = YES;
				CLANG_WARN_BLOCK_CAPTURE_AUTORELEASING = YES;
				CLANG_WARN_BOOL_CONVERSION = YES;
				CLANG_WARN_COMMA = YES;
				CLANG_WARN_CONSTANT_CONVERSION = YES;
				CLANG_WARN_DEPRECATED_OBJC_IMPLEMENTATIONS = YES;
				CLANG_WARN_DIRECT_OBJC_ISA_USAGE = YES_ERROR;
				CLANG_WARN_DOCUMENTATION_COMMENTS = YES;
				CLANG_WARN_EMPTY_BODY = YES;
				CLANG_WARN_ENUM_CONVERSION = YES;
				CLANG_WARN_INFINITE_RECURSION = YES;
				CLANG_WARN_INT_CONVERSION = YES;
				CLANG_WARN_NON_LITERAL_NULL_CONVERSION = YES;
				CLANG_WARN_OBJC_IMPLICIT_RETAIN_SELF = YES;
				CLANG_WARN_OBJC_LITERAL_CONVERSION = YES;
				CLANG_WARN_OBJC_ROOT_CLASS = YES_ERROR;
				CLANG_WARN_RANGE_LOOP_ANALYSIS = YES;
				CLANG_WARN_STRICT_PROTOTYPES = YES;
				CLANG_WARN_SUSPICIOUS_MOVE = YES;
				CLANG_WARN_UNGUARDED_AVAILABILITY = YES_AGGRESSIVE;
				CLANG_WARN_UNREACHABLE_CODE = YES;
				CLANG_WARN__DUPLICATE_METHOD_MATCH = YES;
				CODE_SIGN_IDENTITY = "iPhone Developer";
				COPY_PHASE_STRIP = NO;
				DEBUG_INFORMATION_FORMAT = "dwarf-with-dsym";
				ENABLE_NS_ASSERTIONS = NO;
				ENABLE_STRICT_OBJC_MSGSEND = YES;
				GCC_C_LANGUAGE_STANDARD = gnu11;
				GCC_NO_COMMON_BLOCKS = YES;
				GCC_WARN_64_TO_32_BIT_CONVERSION = YES;
				GCC_WARN_ABOUT_RETURN_TYPE = YES_ERROR;
				GCC_WARN_UNDECLARED_SELECTOR = YES;
				GCC_WARN_UNINITIALIZED_AUTOS = YES_AGGRESSIVE;
				GCC_WARN_UNUSED_FUNCTION = YES;
				GCC_WARN_UNUSED_VARIABLE = YES;
				IPHONEOS_DEPLOYMENT_TARGET = 12.2;
				MTL_ENABLE_DEBUG_INFO = NO;
				MTL_FAST_MATH = YES;
				SDKROOT = iphoneos;
				SWIFT_COMPILATION_MODE = wholemodule;
				SWIFT_OPTIMIZATION_LEVEL = "-O";
				VALIDATE_PRODUCT = YES;
			};
			name = Release;
		};
		889C21F4224C1416003C8D23 /* Debug */ = {
			isa = XCBuildConfiguration;
			baseConfigurationReference = F786A2B5AEDD18A6C418F9B1 /* Pods-ArquivoPT.debug.xcconfig */;
			buildSettings = {
				ASSETCATALOG_COMPILER_APPICON_NAME = AppIcon;
				CODE_SIGN_STYLE = Automatic;
				DEVELOPMENT_TEAM = A5BUCZ3K4T;
				INFOPLIST_FILE = ArquivoPT/Info.plist;
				LD_RUNPATH_SEARCH_PATHS = (
					"$(inherited)",
					"@executable_path/Frameworks",
				);
				PRODUCT_BUNDLE_IDENTIFIER = "Renato-Silva.ArquivoPT1";
				PRODUCT_NAME = "$(TARGET_NAME)";
				SWIFT_VERSION = 5.0;
				TARGETED_DEVICE_FAMILY = "1,2";
			};
			name = Debug;
		};
		889C21F5224C1416003C8D23 /* Release */ = {
			isa = XCBuildConfiguration;
			baseConfigurationReference = 66D739D4E01C5E41AB2532D6 /* Pods-ArquivoPT.release.xcconfig */;
			buildSettings = {
				ASSETCATALOG_COMPILER_APPICON_NAME = AppIcon;
				CODE_SIGN_STYLE = Automatic;
				DEVELOPMENT_TEAM = A5BUCZ3K4T;
				INFOPLIST_FILE = ArquivoPT/Info.plist;
				LD_RUNPATH_SEARCH_PATHS = (
					"$(inherited)",
					"@executable_path/Frameworks",
				);
				PRODUCT_BUNDLE_IDENTIFIER = "Renato-Silva.ArquivoPT1";
				PRODUCT_NAME = "$(TARGET_NAME)";
				SWIFT_VERSION = 5.0;
				TARGETED_DEVICE_FAMILY = "1,2";
			};
			name = Release;
		};
/* End XCBuildConfiguration section */

/* Begin XCConfigurationList section */
		889C21DC224C1414003C8D23 /* Build configuration list for PBXProject "ArquivoPT" */ = {
			isa = XCConfigurationList;
			buildConfigurations = (
				889C21F1224C1416003C8D23 /* Debug */,
				889C21F2224C1416003C8D23 /* Release */,
			);
			defaultConfigurationIsVisible = 0;
			defaultConfigurationName = Release;
		};
		889C21F3224C1416003C8D23 /* Build configuration list for PBXNativeTarget "ArquivoPT" */ = {
			isa = XCConfigurationList;
			buildConfigurations = (
				889C21F4224C1416003C8D23 /* Debug */,
				889C21F5224C1416003C8D23 /* Release */,
			);
			defaultConfigurationIsVisible = 0;
			defaultConfigurationName = Release;
		};
/* End XCConfigurationList section */
	};
	rootObject = 889C21D9224C1414003C8D23 /* Project object */;
}
